{
    "name": "@financial-times/test-component",
    "lockfileVersion": 2,
    "requires": true,
    "packages": {
        "": {
            "name": "@financial-times/test-component",
            "dependencies": {
                "o-test-component": "Financial-Times/o-test-component#v1.0.33"
            },
            "engines": {
                "npm": "^7"
            }
        },
        "node_modules/o-test-component": {
            "version": "1.0.26",
            "resolved": "git+ssh://git@github.com/Financial-Times/o-test-component.git#15b7eab4a5fd72dbfe03b598dd4d25ff38874909",
            "license": "MIT"
        }
    },
    "dependencies": {
        "o-test-component": {
            "version": "git+ssh://git@github.com/Financial-Times/o-test-component.git#15b7eab4a5fd72dbfe03b598dd4d25ff38874909",
            "from": "o-test-component@Financial-Times/o-test-component#v1.0.33"
        }
    }
}
